
Microsoft Visual Studio Solution File, Format Version 12.00
# Visual Studio Version 17
VisualStudioVersion = 17.5.002.0
MinimumVisualStudioVersion = 10.0.40219.1
Project("{9A19103F-16F7-4668-BE54-9A1E7A4F7556}") = "compressed-json", "compressed-json.csproj", "{77230991-60D3-492A-8DC6-77665162CC43}"
EndProject
Global
	GlobalSection(SolutionConfigurationPlatforms) = preSolution
		Debug|Any CPU = Debug|Any CPU
		Release|Any CPU = Release|Any CPU
	EndGlobalSection
	GlobalSection(ProjectConfigurationPlatforms) = postSolution
		{77230991-60D3-492A-8DC6-77665162CC43}.Debug|Any CPU.ActiveCfg = Debug|Any CPU
		{77230991-60D3-492A-8DC6-77665162CC43}.Debug|Any CPU.Build.0 = Debug|Any CPU
		{77230991-60D3-492A-8DC6-77665162CC43}.Release|Any CPU.ActiveCfg = Release|Any CPU
		{77230991-60D3-492A-8DC6-77665162CC43}.Release|Any CPU.Build.0 = Release|Any CPU
	EndGlobalSection
	GlobalSection(SolutionProperties) = preSolution
		HideSolutionNode = FALSE
	EndGlobalSection
	GlobalSection(ExtensibilityGlobals) = postSolution
		SolutionGuid = {462F7E87-EDD1-491A-A4D3-2DF84BCDAFA4}
	EndGlobalSection
EndGlobal
